// !$*UTF8*$!
{
	archiveVersion = 1;
	classes = {
	};
	objectVersion = 56;
	objects = {

/* Begin PBXBuildFile section */
		C88C66782A32BF5F00B1D03E /* Score.swift in Sources */ = {isa = PBXBuildFile; fileRef = C88C66772A32BF5F00B1D03E /* Score.swift */; };
		C8A9E11F2A2FD52D0012B9C4 /* QuestionBank.swift in Sources */ = {isa = PBXBuildFile; fileRef = C8A9E11E2A2FD52D0012B9C4 /* QuestionBank.swift */; };
		C8A9E1212A2FD6620012B9C4 /* QuestionBankTableViewController.swift in Sources */ = {isa = PBXBuildFile; fileRef = C8A9E1202A2FD6620012B9C4 /* QuestionBankTableViewController.swift */; };
		C8A9E1232A2FDA970012B9C4 /* AddQuestionViewController.swift in Sources */ = {isa = PBXBuildFile; fileRef = C8A9E1222A2FDA970012B9C4 /* AddQuestionViewController.swift */; };
		C8A9E1252A2FEB930012B9C4 /* UserViewController.swift in Sources */ = {isa = PBXBuildFile; fileRef = C8A9E1242A2FEB930012B9C4 /* UserViewController.swift */; };
		C8C307EB2A2EB64100D8851F /* AppDelegate.swift in Sources */ = {isa = PBXBuildFile; fileRef = C8C307EA2A2EB64100D8851F /* AppDelegate.swift */; };
		C8C307ED2A2EB64100D8851F /* SceneDelegate.swift in Sources */ = {isa = PBXBuildFile; fileRef = C8C307EC2A2EB64100D8851F /* SceneDelegate.swift */; };
		C8C307EF2A2EB64100D8851F /* ViewController.swift in Sources */ = {isa = PBXBuildFile; fileRef = C8C307EE2A2EB64100D8851F /* ViewController.swift */; };
		C8C307F22A2EB64100D8851F /* Main.storyboard in Resources */ = {isa = PBXBuildFile; fileRef = C8C307F02A2EB64100D8851F /* Main.storyboard */; };
		C8C307F42A2EB64200D8851F /* Assets.xcassets in Resources */ = {isa = PBXBuildFile; fileRef = C8C307F32A2EB64200D8851F /* Assets.xcassets */; };
		C8C307F72A2EB64200D8851F /* LaunchScreen.storyboard in Resources */ = {isa = PBXBuildFile; fileRef = C8C307F52A2EB64200D8851F /* LaunchScreen.storyboard */; };
/* End PBXBuildFile section */

/* Begin PBXFileReference section */
		C88C66772A32BF5F00B1D03E /* Score.swift */ = {isa = PBXFileReference; lastKnownFileType = sourcecode.swift; path = Score.swift; sourceTree = "<group>"; };
		C8A9E11E2A2FD52D0012B9C4 /* QuestionBank.swift */ = {isa = PBXFileReference; lastKnownFileType = sourcecode.swift; path = QuestionBank.swift; sourceTree = "<group>"; };
		C8A9E1202A2FD6620012B9C4 /* QuestionBankTableViewController.swift */ = {isa = PBXFileReference; lastKnownFileType = sourcecode.swift; path = QuestionBankTableViewController.swift; sourceTree = "<group>"; };
		C8A9E1222A2FDA970012B9C4 /* AddQuestionViewController.swift */ = {isa = PBXFileReference; lastKnownFileType = sourcecode.swift; path = AddQuestionViewController.swift; sourceTree = "<group>"; };
		C8A9E1242A2FEB930012B9C4 /* UserViewController.swift */ = {isa = PBXFileReference; lastKnownFileType = sourcecode.swift; path = UserViewController.swift; sourceTree = "<group>"; };
		C8C307E72A2EB64100D8851F /* Assignment1.app */ = {isa = PBXFileReference; explicitFileType = wrapper.application; includeInIndex = 0; path = Assignment1.app; sourceTree = BUILT_PRODUCTS_DIR; };
		C8C307EA2A2EB64100D8851F /* AppDelegate.swift */ = {isa = PBXFileReference; lastKnownFileType = sourcecode.swift; path = AppDelegate.swift; sourceTree = "<group>"; };
		C8C307EC2A2EB64100D8851F /* SceneDelegate.swift */ = {isa = PBXFileReference; lastKnownFileType = sourcecode.swift; path = SceneDelegate.swift; sourceTree = "<group>"; };
		C8C307EE2A2EB64100D8851F /* ViewController.swift */ = {isa = PBXFileReference; lastKnownFileType = sourcecode.swift; path = ViewController.swift; sourceTree = "<group>"; };
		C8C307F12A2EB64100D8851F /* Base */ = {isa = PBXFileReference; lastKnownFileType = file.storyboard; name = Base; path = Base.lproj/Main.storyboard; sourceTree = "<group>"; };
		C8C307F32A2EB64200D8851F /* Assets.xcassets */ = {isa = PBXFileReference; lastKnownFileType = folder.assetcatalog; path = Assets.xcassets; sourceTree = "<group>"; };
		C8C307F62A2EB64200D8851F /* Base */ = {isa = PBXFileReference; lastKnownFileType = file.storyboard; name = Base; path = Base.lproj/LaunchScreen.storyboard; sourceTree = "<group>"; };
		C8C307F82A2EB64200D8851F /* Info.plist */ = {isa = PBXFileReference; lastKnownFileType = text.plist.xml; path = Info.plist; sourceTree = "<group>"; };
/* End PBXFileReference section */

/* Begin PBXFrameworksBuildPhase section */
		C8C307E42A2EB64100D8851F /* Frameworks */ = {
			isa = PBXFrameworksBuildPhase;
			buildActionMask = 2147483647;
			files = (
			);
			runOnlyForDeploymentPostprocessing = 0;
		};
/* End PBXFrameworksBuildPhase section */

/* Begin PBXGroup section */
		C8C307DE2A2EB64100D8851F = {
			isa = PBXGroup;
			children = (
				C8C307E92A2EB64100D8851F /* Assignment1 */,
				C8C307E82A2EB64100D8851F /* Products */,
			);
			sourceTree = "<group>";
		};
		C8C307E82A2EB64100D8851F /* Products */ = {
			isa = PBXGroup;
			children = (
				C8C307E72A2EB64100D8851F /* Assignment1.app */,
			);
			name = Products;
			sourceTree = "<group>";
		};
		C8C307E92A2EB64100D8851F /* Assignment1 */ = {
			isa = PBXGroup;
			children = (
				C8C307EA2A2EB64100D8851F /* AppDelegate.swift */,
				C8C307EC2A2EB64100D8851F /* SceneDelegate.swift */,
				C8C307EE2A2EB64100D8851F /* ViewController.swift */,
				C8A9E11E2A2FD52D0012B9C4 /* QuestionBank.swift */,
				C88C66772A32BF5F00B1D03E /* Score.swift */,
				C8A9E1202A2FD6620012B9C4 /* QuestionBankTableViewController.swift */,
				C8A9E1222A2FDA970012B9C4 /* AddQuestionViewController.swift */,
				C8A9E1242A2FEB930012B9C4 /* UserViewController.swift */,
				C8C307F02A2EB64100D8851F /* Main.storyboard */,
				C8C307F32A2EB64200D8851F /* Assets.xcassets */,
				C8C307F52A2EB64200D8851F /* LaunchScreen.storyboard */,
				C8C307F82A2EB64200D8851F /* Info.plist */,
			);
			path = Assignment1;
			sourceTree = "<group>";
		};
/* End PBXGroup section */

/* Begin PBXNativeTarget section */
		C8C307E62A2EB64100D8851F /* Assignment1 */ = {
			isa = PBXNativeTarget;
			buildConfigurationList = C8C307FB2A2EB64200D8851F /* Build configuration list for PBXNativeTarget "Assignment1" */;
			buildPhases = (
				C8C307E32A2EB64100D8851F /* Sources */,
				C8C307E42A2EB64100D8851F /* Frameworks */,
				C8C307E52A2EB64100D8851F /* Resources */,
			);
			buildRules = (
			);
			dependencies = (
			);
			name = Assignment1;
			productName = Assignment1;
			productReference = C8C307E72A2EB64100D8851F /* Assignment1.app */;
			productType = "com.apple.product-type.application";
		};
/* End PBXNativeTarget section */

/* Begin PBXProject section */
		C8C307DF2A2EB64100D8851F /* Project object */ = {
			isa = PBXProject;
			attributes = {
				BuildIndependentTargetsInParallel = 1;
				LastSwiftUpdateCheck = 1410;
				LastUpgradeCheck = 1410;
				TargetAttributes = {
					C8C307E62A2EB64100D8851F = {
						CreatedOnToolsVersion = 14.1;
					};
				};
			};
			buildConfigurationList = C8C307E22A2EB64100D8851F /* Build configuration list for PBXProject "Assignment1" */;
			compatibilityVersion = "Xcode 14.0";
			developmentRegion = en;
			hasScannedForEncodings = 0;
			knownRegions = (
				en,
				Base,
			);
			mainGroup = C8C307DE2A2EB64100D8851F;
			productRefGroup = C8C307E82A2EB64100D8851F /* Products */;
			projectDirPath = "";
			projectRoot = "";
			targets = (
				C8C307E62A2EB64100D8851F /* Assignment1 */,
			);
		};
/* End PBXProject section */

/* Begin PBXResourcesBuildPhase section */
		C8C307E52A2EB64100D8851F /* Resources */ = {
			isa = PBXResourcesBuildPhase;
			buildActionMask = 2147483647;
			files = (
				C8C307F72A2EB64200D8851F /* LaunchScreen.storyboard in Resources */,
				C8C307F42A2EB64200D8851F /* Assets.xcassets in Resources */,
				C8C307F22A2EB64100D8851F /* Main.storyboard in Resources */,
			);
			runOnlyForDeploymentPostprocessing = 0;
		};
/* End PBXResourcesBuildPhase section */

/* Begin PBXSourcesBuildPhase section */
		C8C307E32A2EB64100D8851F /* Sources */ = {
			isa = PBXSourcesBuildPhase;
			buildActionMask = 2147483647;
			files = (
				C8A9E1252A2FEB930012B9C4 /* UserViewController.swift in Sources */,
				C8A9E1212A2FD6620012B9C4 /* QuestionBankTableViewController.swift in Sources */,
				C88C66782A32BF5F00B1D03E /* Score.swift in Sources */,
				C8C307EF2A2EB64100D8851F /* ViewController.swift in Sources */,
				C8A9E1232A2FDA970012B9C4 /* AddQuestionViewController.swift in Sources */,
				C8A9E11F2A2FD52D0012B9C4 /* QuestionBank.swift in Sources */,
				C8C307EB2A2EB64100D8851F /* AppDelegate.swift in Sources */,
				C8C307ED2A2EB64100D8851F /* SceneDelegate.swift in Sources */,
			);
			runOnlyForDeploymentPostprocessing = 0;
		};
/* End PBXSourcesBuildPhase section */

/* Begin PBXVariantGroup section */
		C8C307F02A2EB64100D8851F /* Main.storyboard */ = {
			isa = PBXVariantGroup;
			children = (
				C8C307F12A2EB64100D8851F /* Base */,
			);
			name = Main.storyboard;
			sourceTree = "<group>";
		};
		C8C307F52A2EB64200D8851F /* LaunchScreen.storyboard */ = {
			isa = PBXVariantGroup;
			children = (
				C8C307F62A2EB64200D8851F /* Base */,
			);
			name = LaunchScreen.storyboard;
			sourceTree = "<group>";
		};
/* End PBXVariantGroup section */

/* Begin XCBuildConfiguration section */
		C8C307F92A2EB64200D8851F /* Debug */ = {
			isa = XCBuildConfiguration;
			buildSettings = {
				ALWAYS_SEARCH_USER_PATHS = NO;
				CLANG_ANALYZER_NONNULL = YES;
				CLANG_ANALYZER_NUMBER_OBJECT_CONVERSION = YES_AGGRESSIVE;
				CLANG_CXX_LANGUAGE_STANDARD = "gnu++20";
				CLANG_ENABLE_MODULES = YES;
				CLANG_ENABLE_OBJC_ARC = YES;
				CLANG_ENABLE_OBJC_WEAK = YES;
				CLANG_WARN_BLOCK_CAPTURE_AUTORELEASING = YES;
				CLANG_WARN_BOOL_CONVERSION = YES;
				CLANG_WARN_COMMA = YES;
				CLANG_WARN_CONSTANT_CONVERSION = YES;
				CLANG_WARN_DEPRECATED_OBJC_IMPLEMENTATIONS = YES;
				CLANG_WARN_DIRECT_OBJC_ISA_USAGE = YES_ERROR;
				CLANG_WARN_DOCUMENTATION_COMMENTS = YES;
				CLANG_WARN_EMPTY_BODY = YES;
				CLANG_WARN_ENUM_CONVERSION = YES;
				CLANG_WARN_INFINITE_RECURSION = YES;
				CLANG_WARN_INT_CONVERSION = YES;
				CLANG_WARN_NON_LITERAL_NULL_CONVERSION = YES;
				CLANG_WARN_OBJC_IMPLICIT_RETAIN_SELF = YES;
				CLANG_WARN_OBJC_LITERAL_CONVERSION = YES;
				CLANG_WARN_OBJC_ROOT_CLASS = YES_ERROR;
				CLANG_WARN_QUOTED_INCLUDE_IN_FRAMEWORK_HEADER = YES;
				CLANG_WARN_RANGE_LOOP_ANALYSIS = YES;
				CLANG_WARN_STRICT_PROTOTYPES = YES;
				CLANG_WARN_SUSPICIOUS_MOVE = YES;
				CLANG_WARN_UNGUARDED_AVAILABILITY = YES_AGGRESSIVE;
				CLANG_WARN_UNREACHABLE_CODE = YES;
				CLANG_WARN__DUPLICATE_METHOD_MATCH = YES;
				COPY_PHASE_STRIP = NO;
				DEBUG_INFORMATION_FORMAT = dwarf;
				ENABLE_STRICT_OBJC_MSGSEND = YES;
				ENABLE_TESTABILITY = YES;
				GCC_C_LANGUAGE_STANDARD = gnu11;
				GCC_DYNAMIC_NO_PIC = NO;
				GCC_NO_COMMON_BLOCKS = YES;
				GCC_OPTIMIZATION_LEVEL = 0;
				GCC_PREPROCESSOR_DEFINITIONS = (
					"DEBUG=1",
					"$(inherited)",
				);
				GCC_WARN_64_TO_32_BIT_CONVERSION = YES;
				GCC_WARN_ABOUT_RETURN_TYPE = YES_ERROR;
				GCC_WARN_UNDECLARED_SELECTOR = YES;
				GCC_WARN_UNINITIALIZED_AUTOS = YES_AGGRESSIVE;
				GCC_WARN_UNUSED_FUNCTION = YES;
				GCC_WARN_UNUSED_VARIABLE = YES;
				IPHONEOS_DEPLOYMENT_TARGET = 16.1;
				MTL_ENABLE_DEBUG_INFO = INCLUDE_SOURCE;
				MTL_FAST_MATH = YES;
				ONLY_ACTIVE_ARCH = YES;
				SDKROOT = iphoneos;
				SWIFT_ACTIVE_COMPILATION_CONDITIONS = DEBUG;
				SWIFT_OPTIMIZATION_LEVEL = "-Onone";
			};
			name = Debug;
		};
		C8C307FA2A2EB64200D8851F /* Release */ = {
			isa = XCBuildConfiguration;
			buildSettings = {
				ALWAYS_SEARCH_USER_PATHS = NO;
				CLANG_ANALYZER_NONNULL = YES;
				CLANG_ANALYZER_NUMBER_OBJECT_CONVERSION = YES_AGGRESSIVE;
				CLANG_CXX_LANGUAGE_STANDARD = "gnu++20";
				CLANG_ENABLE_MODULES = YES;
				CLANG_ENABLE_OBJC_ARC = YES;
				CLANG_ENABLE_OBJC_WEAK = YES;
				CLANG_WARN_BLOCK_CAPTURE_AUTORELEASING = YES;
				CLANG_WARN_BOOL_CONVERSION = YES;
				CLANG_WARN_COMMA = YES;
				CLANG_WARN_CONSTANT_CONVERSION = YES;
				CLANG_WARN_DEPRECATED_OBJC_IMPLEMENTATIONS = YES;
				CLANG_WARN_DIRECT_OBJC_ISA_USAGE = YES_ERROR;
				CLANG_WARN_DOCUMENTATION_COMMENTS = YES;
				CLANG_WARN_EMPTY_BODY = YES;
				CLANG_WARN_ENUM_CONVERSION = YES;
				CLANG_WARN_INFINITE_RECURSION = YES;
				CLANG_WARN_INT_CONVERSION = YES;
				CLANG_WARN_NON_LITERAL_NULL_CONVERSION = YES;
				CLANG_WARN_OBJC_IMPLICIT_RETAIN_SELF = YES;
				CLANG_WARN_OBJC_LITERAL_CONVERSION = YES;
				CLANG_WARN_OBJC_ROOT_CLASS = YES_ERROR;
				CLANG_WARN_QUOTED_INCLUDE_IN_FRAMEWORK_HEADER = YES;
				CLANG_WARN_RANGE_LOOP_ANALYSIS = YES;
				CLANG_WARN_STRICT_PROTOTYPES = YES;
				CLANG_WARN_SUSPICIOUS_MOVE = YES;
				CLANG_WARN_UNGUARDED_AVAILABILITY = YES_AGGRESSIVE;
				CLANG_WARN_UNREACHABLE_CODE = YES;
				CLANG_WARN__DUPLICATE_METHOD_MATCH = YES;
				COPY_PHASE_STRIP = NO;
				DEBUG_INFORMATION_FORMAT = "dwarf-with-dsym";
				ENABLE_NS_ASSERTIONS = NO;
				ENABLE_STRICT_OBJC_MSGSEND = YES;
				GCC_C_LANGUAGE_STANDARD = gnu11;
				GCC_NO_COMMON_BLOCKS = YES;
				GCC_WARN_64_TO_32_BIT_CONVERSION = YES;
				GCC_WARN_ABOUT_RETURN_TYPE = YES_ERROR;
				GCC_WARN_UNDECLARED_SELECTOR = YES;
				GCC_WARN_UNINITIALIZED_AUTOS = YES_AGGRESSIVE;
				GCC_WARN_UNUSED_FUNCTION = YES;
				GCC_WARN_UNUSED_VARIABLE = YES;
				IPHONEOS_DEPLOYMENT_TARGET = 16.1;
				MTL_ENABLE_DEBUG_INFO = NO;
				MTL_FAST_MATH = YES;
				SDKROOT = iphoneos;
				SWIFT_COMPILATION_MODE = wholemodule;
				SWIFT_OPTIMIZATION_LEVEL = "-O";
				VALIDATE_PRODUCT = YES;
			};
			name = Release;
		};
		C8C307FC2A2EB64200D8851F /* Debug */ = {
			isa = XCBuildConfiguration;
			buildSettings = {
				ASSETCATALOG_COMPILER_APPICON_NAME = AppIcon;
				ASSETCATALOG_COMPILER_GLOBAL_ACCENT_COLOR_NAME = AccentColor;
				CODE_SIGN_STYLE = Automatic;
				CURRENT_PROJECT_VERSION = 1;
				GENERATE_INFOPLIST_FILE = YES;
				INFOPLIST_FILE = Assignment1/Info.plist;
				INFOPLIST_KEY_UIApplicationSupportsIndirectInputEvents = YES;
				INFOPLIST_KEY_UILaunchStoryboardName = LaunchScreen;
				INFOPLIST_KEY_UIMainStoryboardFile = Main;
				INFOPLIST_KEY_UISupportedInterfaceOrientations_iPad = "UIInterfaceOrientationPortrait UIInterfaceOrientationPortraitUpsideDown UIInterfaceOrientationLandscapeLeft UIInterfaceOrientationLandscapeRight";
				INFOPLIST_KEY_UISupportedInterfaceOrientations_iPhone = "UIInterfaceOrientationPortrait UIInterfaceOrientationLandscapeLeft UIInterfaceOrientationLandscapeRight";
				LD_RUNPATH_SEARCH_PATHS = (
					"$(inherited)",
					"@executable_path/Frameworks",
				);
				MARKETING_VERSION = 1.0;
				PRODUCT_BUNDLE_IDENTIFIER = "com.yash-khopkar.Assignment1";
				PRODUCT_NAME = "$(TARGET_NAME)";
				SWIFT_EMIT_LOC_STRINGS = YES;
				SWIFT_VERSION = 5.0;
				TARGETED_DEVICE_FAMILY = "1,2";
			};
			name = Debug;
		};
		C8C307FD2A2EB64200D8851F /* Release */ = {
			isa = XCBuildConfiguration;
			buildSettings = {
				ASSETCATALOG_COMPILER_APPICON_NAME = AppIcon;
				ASSETCATALOG_COMPILER_GLOBAL_ACCENT_COLOR_NAME = AccentColor;
				CODE_SIGN_STYLE = Automatic;
				CURRENT_PROJECT_VERSION = 1;
				GENERATE_INFOPLIST_FILE = YES;
				INFOPLIST_FILE = Assignment1/Info.plist;
				INFOPLIST_KEY_UIApplicationSupportsIndirectInputEvents = YES;
				INFOPLIST_KEY_UILaunchStoryboardName = LaunchScreen;
				INFOPLIST_KEY_UIMainStoryboardFile = Main;
				INFOPLIST_KEY_UISupportedInterfaceOrientations_iPad = "UIInterfaceOrientationPortrait UIInterfaceOrientationPortraitUpsideDown UIInterfaceOrientationLandscapeLeft UIInterfaceOrientationLandscapeRight";
				INFOPLIST_KEY_UISupportedInterfaceOrientations_iPhone = "UIInterfaceOrientationPortrait UIInterfaceOrientationLandscapeLeft UIInterfaceOrientationLandscapeRight";
				LD_RUNPATH_SEARCH_PATHS = (
					"$(inherited)",
					"@executable_path/Frameworks",
				);
				MARKETING_VERSION = 1.0;
				PRODUCT_BUNDLE_IDENTIFIER = "com.yash-khopkar.Assignment1";
				PRODUCT_NAME = "$(TARGET_NAME)";
				SWIFT_EMIT_LOC_STRINGS = YES;
				SWIFT_VERSION = 5.0;
				TARGETED_DEVICE_FAMILY = "1,2";
			};
			name = Release;
		};
/* End XCBuildConfiguration section */

/* Begin XCConfigurationList section */
		C8C307E22A2EB64100D8851F /* Build configuration list for PBXProject "Assignment1" */ = {
			isa = XCConfigurationList;
			buildConfigurations = (
				C8C307F92A2EB64200D8851F /* Debug */,
				C8C307FA2A2EB64200D8851F /* Release */,
			);
			defaultConfigurationIsVisible = 0;
			defaultConfigurationName = Release;
		};
		C8C307FB2A2EB64200D8851F /* Build configuration list for PBXNativeTarget "Assignment1" */ = {
			isa = XCConfigurationList;
			buildConfigurations = (
				C8C307FC2A2EB64200D8851F /* Debug */,
				C8C307FD2A2EB64200D8851F /* Release */,
			);
			defaultConfigurationIsVisible = 0;
			defaultConfigurationName = Release;
		};
/* End XCConfigurationList section */
	};
	rootObject = C8C307DF2A2EB64100D8851F /* Project object */;
}
