// !$*UTF8*$!
{
	archiveVersion = 1;
	classes = {
	};
	objectVersion = 56;
	objects = {

/* Begin PBXBuildFile section */
		C827B64329EF5ACC001F310E /* AppDelegate.swift in Sources */ = {isa = PBXBuildFile; fileRef = C827B64229EF5ACC001F310E /* AppDelegate.swift */; };
		C827B64529EF5ACC001F310E /* SceneDelegate.swift in Sources */ = {isa = PBXBuildFile; fileRef = C827B64429EF5ACC001F310E /* SceneDelegate.swift */; };
		C827B64A29EF5ACC001F310E /* Main.storyboard in Resources */ = {isa = PBXBuildFile; fileRef = C827B64829EF5ACC001F310E /* Main.storyboard */; };
		C827B64C29EF5ACE001F310E /* Assets.xcassets in Resources */ = {isa = PBXBuildFile; fileRef = C827B64B29EF5ACE001F310E /* Assets.xcassets */; };
		C827B64F29EF5ACE001F310E /* LaunchScreen.storyboard in Resources */ = {isa = PBXBuildFile; fileRef = C827B64D29EF5ACE001F310E /* LaunchScreen.storyboard */; };
		C827B65729EF5C77001F310E /* NetworkingManager.swift in Sources */ = {isa = PBXBuildFile; fileRef = C827B65629EF5C77001F310E /* NetworkingManager.swift */; };
		C827B65929EF5CE9001F310E /* JsonManager.swift in Sources */ = {isa = PBXBuildFile; fileRef = C827B65829EF5CE9001F310E /* JsonManager.swift */; };
		C827B65C29F01B69001F310E /* Game.swift in Sources */ = {isa = PBXBuildFile; fileRef = C827B65B29F01B69001F310E /* Game.swift */; };
		C827B66429F09232001F310E /* GamesTableViewController.swift in Sources */ = {isa = PBXBuildFile; fileRef = C827B66329F09232001F310E /* GamesTableViewController.swift */; };
		C8CD10592A87F434007D79E5 /* FavGameModel.xcdatamodeld in Sources */ = {isa = PBXBuildFile; fileRef = C8CD10572A87F434007D79E5 /* FavGameModel.xcdatamodeld */; };
		C8CD107E2A8817A8007D79E5 /* CoreDataManager.swift in Sources */ = {isa = PBXBuildFile; fileRef = C8CD107D2A8817A8007D79E5 /* CoreDataManager.swift */; };
		C8CD10802A88504C007D79E5 /* FavouritesDetailsViewController.swift in Sources */ = {isa = PBXBuildFile; fileRef = C8CD107F2A88504C007D79E5 /* FavouritesDetailsViewController.swift */; };
		C8EC2D4629F1A7BD00E68C49 /* GameDetailsViewController.swift in Sources */ = {isa = PBXBuildFile; fileRef = C8EC2D4529F1A7BD00E68C49 /* GameDetailsViewController.swift */; };
		C8EC2D4A29F1BCBC00E68C49 /* FavouritesTableViewController.swift in Sources */ = {isa = PBXBuildFile; fileRef = C8EC2D4929F1BCBC00E68C49 /* FavouritesTableViewController.swift */; };
/* End PBXBuildFile section */

/* Begin PBXFileReference section */
		C827B63F29EF5ACC001F310E /* Assignment4.app */ = {isa = PBXFileReference; explicitFileType = wrapper.application; includeInIndex = 0; path = Assignment4.app; sourceTree = BUILT_PRODUCTS_DIR; };
		C827B64229EF5ACC001F310E /* AppDelegate.swift */ = {isa = PBXFileReference; lastKnownFileType = sourcecode.swift; path = AppDelegate.swift; sourceTree = "<group>"; };
		C827B64429EF5ACC001F310E /* SceneDelegate.swift */ = {isa = PBXFileReference; lastKnownFileType = sourcecode.swift; path = SceneDelegate.swift; sourceTree = "<group>"; };
		C827B64929EF5ACC001F310E /* Base */ = {isa = PBXFileReference; lastKnownFileType = file.storyboard; name = Base; path = Base.lproj/Main.storyboard; sourceTree = "<group>"; };
		C827B64B29EF5ACE001F310E /* Assets.xcassets */ = {isa = PBXFileReference; lastKnownFileType = folder.assetcatalog; path = Assets.xcassets; sourceTree = "<group>"; };
		C827B64E29EF5ACE001F310E /* Base */ = {isa = PBXFileReference; lastKnownFileType = file.storyboard; name = Base; path = Base.lproj/LaunchScreen.storyboard; sourceTree = "<group>"; };
		C827B65029EF5ACE001F310E /* Info.plist */ = {isa = PBXFileReference; lastKnownFileType = text.plist.xml; path = Info.plist; sourceTree = "<group>"; };
		C827B65629EF5C77001F310E /* NetworkingManager.swift */ = {isa = PBXFileReference; lastKnownFileType = sourcecode.swift; path = NetworkingManager.swift; sourceTree = "<group>"; };
		C827B65829EF5CE9001F310E /* JsonManager.swift */ = {isa = PBXFileReference; lastKnownFileType = sourcecode.swift; path = JsonManager.swift; sourceTree = "<group>"; };
		C827B65B29F01B69001F310E /* Game.swift */ = {isa = PBXFileReference; lastKnownFileType = sourcecode.swift; path = Game.swift; sourceTree = "<group>"; };
		C827B66329F09232001F310E /* GamesTableViewController.swift */ = {isa = PBXFileReference; lastKnownFileType = sourcecode.swift; path = GamesTableViewController.swift; sourceTree = "<group>"; };
		C8CD10582A87F434007D79E5 /* FavGameModel.xcdatamodel */ = {isa = PBXFileReference; lastKnownFileType = wrapper.xcdatamodel; path = FavGameModel.xcdatamodel; sourceTree = "<group>"; };
		C8CD107D2A8817A8007D79E5 /* CoreDataManager.swift */ = {isa = PBXFileReference; lastKnownFileType = sourcecode.swift; path = CoreDataManager.swift; sourceTree = "<group>"; };
		C8CD107F2A88504C007D79E5 /* FavouritesDetailsViewController.swift */ = {isa = PBXFileReference; lastKnownFileType = sourcecode.swift; path = FavouritesDetailsViewController.swift; sourceTree = "<group>"; };
		C8EC2D4529F1A7BD00E68C49 /* GameDetailsViewController.swift */ = {isa = PBXFileReference; lastKnownFileType = sourcecode.swift; path = GameDetailsViewController.swift; sourceTree = "<group>"; };
		C8EC2D4929F1BCBC00E68C49 /* FavouritesTableViewController.swift */ = {isa = PBXFileReference; lastKnownFileType = sourcecode.swift; path = FavouritesTableViewController.swift; sourceTree = "<group>"; };
/* End PBXFileReference section */

/* Begin PBXFrameworksBuildPhase section */
		C827B63C29EF5ACC001F310E /* Frameworks */ = {
			isa = PBXFrameworksBuildPhase;
			buildActionMask = 2147483647;
			files = (
			);
			runOnlyForDeploymentPostprocessing = 0;
		};
/* End PBXFrameworksBuildPhase section */

/* Begin PBXGroup section */
		C827B63629EF5ACC001F310E = {
			isa = PBXGroup;
			children = (
				C827B64129EF5ACC001F310E /* Assignment4 */,
				C827B64029EF5ACC001F310E /* Products */,
			);
			sourceTree = "<group>";
		};
		C827B64029EF5ACC001F310E /* Products */ = {
			isa = PBXGroup;
			children = (
				C827B63F29EF5ACC001F310E /* Assignment4.app */,
			);
			name = Products;
			sourceTree = "<group>";
		};
		C827B64129EF5ACC001F310E /* Assignment4 */ = {
			isa = PBXGroup;
			children = (
				C827B66029F07ABF001F310E /* View */,
				C827B65A29F011DD001F310E /* Model */,
				C827B64229EF5ACC001F310E /* AppDelegate.swift */,
				C827B64429EF5ACC001F310E /* SceneDelegate.swift */,
				C8CD107D2A8817A8007D79E5 /* CoreDataManager.swift */,
				C827B65629EF5C77001F310E /* NetworkingManager.swift */,
				C827B65829EF5CE9001F310E /* JsonManager.swift */,
				C8CD10572A87F434007D79E5 /* FavGameModel.xcdatamodeld */,
				C827B64829EF5ACC001F310E /* Main.storyboard */,
				C827B64B29EF5ACE001F310E /* Assets.xcassets */,
				C827B64D29EF5ACE001F310E /* LaunchScreen.storyboard */,
				C827B65029EF5ACE001F310E /* Info.plist */,
			);
			path = Assignment4;
			sourceTree = "<group>";
		};
		C827B65A29F011DD001F310E /* Model */ = {
			isa = PBXGroup;
			children = (
				C827B65B29F01B69001F310E /* Game.swift */,
			);
			path = Model;
			sourceTree = "<group>";
		};
		C827B66029F07ABF001F310E /* View */ = {
			isa = PBXGroup;
			children = (
				C827B66329F09232001F310E /* GamesTableViewController.swift */,
				C8EC2D4529F1A7BD00E68C49 /* GameDetailsViewController.swift */,
				C8EC2D4929F1BCBC00E68C49 /* FavouritesTableViewController.swift */,
				C8CD107F2A88504C007D79E5 /* FavouritesDetailsViewController.swift */,
			);
			path = View;
			sourceTree = "<group>";
		};
/* End PBXGroup section */

/* Begin PBXNativeTarget section */
		C827B63E29EF5ACC001F310E /* Assignment4 */ = {
			isa = PBXNativeTarget;
			buildConfigurationList = C827B65329EF5ACE001F310E /* Build configuration list for PBXNativeTarget "Assignment4" */;
			buildPhases = (
				C827B63B29EF5ACC001F310E /* Sources */,
				C827B63C29EF5ACC001F310E /* Frameworks */,
				C827B63D29EF5ACC001F310E /* Resources */,
			);
			buildRules = (
			);
			dependencies = (
			);
			name = Assignment4;
			productName = Assignment4;
			productReference = C827B63F29EF5ACC001F310E /* Assignment4.app */;
			productType = "com.apple.product-type.application";
		};
/* End PBXNativeTarget section */

/* Begin PBXProject section */
		C827B63729EF5ACC001F310E /* Project object */ = {
			isa = PBXProject;
			attributes = {
				BuildIndependentTargetsInParallel = 1;
				LastSwiftUpdateCheck = 1410;
				LastUpgradeCheck = 1410;
				TargetAttributes = {
					C827B63E29EF5ACC001F310E = {
						CreatedOnToolsVersion = 14.1;
					};
				};
			};
			buildConfigurationList = C827B63A29EF5ACC001F310E /* Build configuration list for PBXProject "Assignment4" */;
			compatibilityVersion = "Xcode 14.0";
			developmentRegion = en;
			hasScannedForEncodings = 0;
			knownRegions = (
				en,
				Base,
			);
			mainGroup = C827B63629EF5ACC001F310E;
			productRefGroup = C827B64029EF5ACC001F310E /* Products */;
			projectDirPath = "";
			projectRoot = "";
			targets = (
				C827B63E29EF5ACC001F310E /* Assignment4 */,
			);
		};
/* End PBXProject section */

/* Begin PBXResourcesBuildPhase section */
		C827B63D29EF5ACC001F310E /* Resources */ = {
			isa = PBXResourcesBuildPhase;
			buildActionMask = 2147483647;
			files = (
				C827B64F29EF5ACE001F310E /* LaunchScreen.storyboard in Resources */,
				C827B64C29EF5ACE001F310E /* Assets.xcassets in Resources */,
				C827B64A29EF5ACC001F310E /* Main.storyboard in Resources */,
			);
			runOnlyForDeploymentPostprocessing = 0;
		};
/* End PBXResourcesBuildPhase section */

/* Begin PBXSourcesBuildPhase section */
		C827B63B29EF5ACC001F310E /* Sources */ = {
			isa = PBXSourcesBuildPhase;
			buildActionMask = 2147483647;
			files = (
				C827B65C29F01B69001F310E /* Game.swift in Sources */,
				C8CD10802A88504C007D79E5 /* FavouritesDetailsViewController.swift in Sources */,
				C8EC2D4629F1A7BD00E68C49 /* GameDetailsViewController.swift in Sources */,
				C8CD10592A87F434007D79E5 /* FavGameModel.xcdatamodeld in Sources */,
				C827B66429F09232001F310E /* GamesTableViewController.swift in Sources */,
				C827B65729EF5C77001F310E /* NetworkingManager.swift in Sources */,
				C827B65929EF5CE9001F310E /* JsonManager.swift in Sources */,
				C8EC2D4A29F1BCBC00E68C49 /* FavouritesTableViewController.swift in Sources */,
				C827B64329EF5ACC001F310E /* AppDelegate.swift in Sources */,
				C8CD107E2A8817A8007D79E5 /* CoreDataManager.swift in Sources */,
				C827B64529EF5ACC001F310E /* SceneDelegate.swift in Sources */,
			);
			runOnlyForDeploymentPostprocessing = 0;
		};
/* End PBXSourcesBuildPhase section */

/* Begin PBXVariantGroup section */
		C827B64829EF5ACC001F310E /* Main.storyboard */ = {
			isa = PBXVariantGroup;
			children = (
				C827B64929EF5ACC001F310E /* Base */,
			);
			name = Main.storyboard;
			sourceTree = "<group>";
		};
		C827B64D29EF5ACE001F310E /* LaunchScreen.storyboard */ = {
			isa = PBXVariantGroup;
			children = (
				C827B64E29EF5ACE001F310E /* Base */,
			);
			name = LaunchScreen.storyboard;
			sourceTree = "<group>";
		};
/* End PBXVariantGroup section */

/* Begin XCBuildConfiguration section */
		C827B65129EF5ACE001F310E /* Debug */ = {
			isa = XCBuildConfiguration;
			buildSettings = {
				ALWAYS_SEARCH_USER_PATHS = NO;
				CLANG_ANALYZER_NONNULL = YES;
				CLANG_ANALYZER_NUMBER_OBJECT_CONVERSION = YES_AGGRESSIVE;
				CLANG_CXX_LANGUAGE_STANDARD = "gnu++20";
				CLANG_ENABLE_MODULES = YES;
				CLANG_ENABLE_OBJC_ARC = YES;
				CLANG_ENABLE_OBJC_WEAK = YES;
				CLANG_WARN_BLOCK_CAPTURE_AUTORELEASING = YES;
				CLANG_WARN_BOOL_CONVERSION = YES;
				CLANG_WARN_COMMA = YES;
				CLANG_WARN_CONSTANT_CONVERSION = YES;
				CLANG_WARN_DEPRECATED_OBJC_IMPLEMENTATIONS = YES;
				CLANG_WARN_DIRECT_OBJC_ISA_USAGE = YES_ERROR;
				CLANG_WARN_DOCUMENTATION_COMMENTS = YES;
				CLANG_WARN_EMPTY_BODY = YES;
				CLANG_WARN_ENUM_CONVERSION = YES;
				CLANG_WARN_INFINITE_RECURSION = YES;
				CLANG_WARN_INT_CONVERSION = YES;
				CLANG_WARN_NON_LITERAL_NULL_CONVERSION = YES;
				CLANG_WARN_OBJC_IMPLICIT_RETAIN_SELF = YES;
				CLANG_WARN_OBJC_LITERAL_CONVERSION = YES;
				CLANG_WARN_OBJC_ROOT_CLASS = YES_ERROR;
				CLANG_WARN_QUOTED_INCLUDE_IN_FRAMEWORK_HEADER = YES;
				CLANG_WARN_RANGE_LOOP_ANALYSIS = YES;
				CLANG_WARN_STRICT_PROTOTYPES = YES;
				CLANG_WARN_SUSPICIOUS_MOVE = YES;
				CLANG_WARN_UNGUARDED_AVAILABILITY = YES_AGGRESSIVE;
				CLANG_WARN_UNREACHABLE_CODE = YES;
				CLANG_WARN__DUPLICATE_METHOD_MATCH = YES;
				COPY_PHASE_STRIP = NO;
				DEBUG_INFORMATION_FORMAT = dwarf;
				ENABLE_STRICT_OBJC_MSGSEND = YES;
				ENABLE_TESTABILITY = YES;
				GCC_C_LANGUAGE_STANDARD = gnu11;
				GCC_DYNAMIC_NO_PIC = NO;
				GCC_NO_COMMON_BLOCKS = YES;
				GCC_OPTIMIZATION_LEVEL = 0;
				GCC_PREPROCESSOR_DEFINITIONS = (
					"DEBUG=1",
					"$(inherited)",
				);
				GCC_WARN_64_TO_32_BIT_CONVERSION = YES;
				GCC_WARN_ABOUT_RETURN_TYPE = YES_ERROR;
				GCC_WARN_UNDECLARED_SELECTOR = YES;
				GCC_WARN_UNINITIALIZED_AUTOS = YES_AGGRESSIVE;
				GCC_WARN_UNUSED_FUNCTION = YES;
				GCC_WARN_UNUSED_VARIABLE = YES;
				IPHONEOS_DEPLOYMENT_TARGET = 16.1;
				MTL_ENABLE_DEBUG_INFO = INCLUDE_SOURCE;
				MTL_FAST_MATH = YES;
				ONLY_ACTIVE_ARCH = YES;
				SDKROOT = iphoneos;
				SWIFT_ACTIVE_COMPILATION_CONDITIONS = DEBUG;
				SWIFT_OPTIMIZATION_LEVEL = "-Onone";
			};
			name = Debug;
		};
		C827B65229EF5ACE001F310E /* Release */ = {
			isa = XCBuildConfiguration;
			buildSettings = {
				ALWAYS_SEARCH_USER_PATHS = NO;
				CLANG_ANALYZER_NONNULL = YES;
				CLANG_ANALYZER_NUMBER_OBJECT_CONVERSION = YES_AGGRESSIVE;
				CLANG_CXX_LANGUAGE_STANDARD = "gnu++20";
				CLANG_ENABLE_MODULES = YES;
				CLANG_ENABLE_OBJC_ARC = YES;
				CLANG_ENABLE_OBJC_WEAK = YES;
				CLANG_WARN_BLOCK_CAPTURE_AUTORELEASING = YES;
				CLANG_WARN_BOOL_CONVERSION = YES;
				CLANG_WARN_COMMA = YES;
				CLANG_WARN_CONSTANT_CONVERSION = YES;
				CLANG_WARN_DEPRECATED_OBJC_IMPLEMENTATIONS = YES;
				CLANG_WARN_DIRECT_OBJC_ISA_USAGE = YES_ERROR;
				CLANG_WARN_DOCUMENTATION_COMMENTS = YES;
				CLANG_WARN_EMPTY_BODY = YES;
				CLANG_WARN_ENUM_CONVERSION = YES;
				CLANG_WARN_INFINITE_RECURSION = YES;
				CLANG_WARN_INT_CONVERSION = YES;
				CLANG_WARN_NON_LITERAL_NULL_CONVERSION = YES;
				CLANG_WARN_OBJC_IMPLICIT_RETAIN_SELF = YES;
				CLANG_WARN_OBJC_LITERAL_CONVERSION = YES;
				CLANG_WARN_OBJC_ROOT_CLASS = YES_ERROR;
				CLANG_WARN_QUOTED_INCLUDE_IN_FRAMEWORK_HEADER = YES;
				CLANG_WARN_RANGE_LOOP_ANALYSIS = YES;
				CLANG_WARN_STRICT_PROTOTYPES = YES;
				CLANG_WARN_SUSPICIOUS_MOVE = YES;
				CLANG_WARN_UNGUARDED_AVAILABILITY = YES_AGGRESSIVE;
				CLANG_WARN_UNREACHABLE_CODE = YES;
				CLANG_WARN__DUPLICATE_METHOD_MATCH = YES;
				COPY_PHASE_STRIP = NO;
				DEBUG_INFORMATION_FORMAT = "dwarf-with-dsym";
				ENABLE_NS_ASSERTIONS = NO;
				ENABLE_STRICT_OBJC_MSGSEND = YES;
				GCC_C_LANGUAGE_STANDARD = gnu11;
				GCC_NO_COMMON_BLOCKS = YES;
				GCC_WARN_64_TO_32_BIT_CONVERSION = YES;
				GCC_WARN_ABOUT_RETURN_TYPE = YES_ERROR;
				GCC_WARN_UNDECLARED_SELECTOR = YES;
				GCC_WARN_UNINITIALIZED_AUTOS = YES_AGGRESSIVE;
				GCC_WARN_UNUSED_FUNCTION = YES;
				GCC_WARN_UNUSED_VARIABLE = YES;
				IPHONEOS_DEPLOYMENT_TARGET = 16.1;
				MTL_ENABLE_DEBUG_INFO = NO;
				MTL_FAST_MATH = YES;
				SDKROOT = iphoneos;
				SWIFT_COMPILATION_MODE = wholemodule;
				SWIFT_OPTIMIZATION_LEVEL = "-O";
				VALIDATE_PRODUCT = YES;
			};
			name = Release;
		};
		C827B65429EF5ACE001F310E /* Debug */ = {
			isa = XCBuildConfiguration;
			buildSettings = {
				ASSETCATALOG_COMPILER_APPICON_NAME = AppIcon;
				ASSETCATALOG_COMPILER_GLOBAL_ACCENT_COLOR_NAME = AccentColor;
				CODE_SIGN_STYLE = Automatic;
				CURRENT_PROJECT_VERSION = 1;
				GENERATE_INFOPLIST_FILE = YES;
				INFOPLIST_FILE = Assignment4/Info.plist;
				INFOPLIST_KEY_UIApplicationSupportsIndirectInputEvents = YES;
				INFOPLIST_KEY_UILaunchStoryboardName = LaunchScreen;
				INFOPLIST_KEY_UIMainStoryboardFile = Main;
				INFOPLIST_KEY_UISupportedInterfaceOrientations_iPad = "UIInterfaceOrientationPortrait UIInterfaceOrientationPortraitUpsideDown UIInterfaceOrientationLandscapeLeft UIInterfaceOrientationLandscapeRight";
				INFOPLIST_KEY_UISupportedInterfaceOrientations_iPhone = "UIInterfaceOrientationPortrait UIInterfaceOrientationLandscapeLeft UIInterfaceOrientationLandscapeRight";
				LD_RUNPATH_SEARCH_PATHS = (
					"$(inherited)",
					"@executable_path/Frameworks",
				);
				MARKETING_VERSION = 1.0;
				PRODUCT_BUNDLE_IDENTIFIER = "com.yash-khopkar.Assignment4";
				PRODUCT_NAME = "$(TARGET_NAME)";
				SWIFT_EMIT_LOC_STRINGS = YES;
				SWIFT_VERSION = 5.0;
				TARGETED_DEVICE_FAMILY = "1,2";
			};
			name = Debug;
		};
		C827B65529EF5ACE001F310E /* Release */ = {
			isa = XCBuildConfiguration;
			buildSettings = {
				ASSETCATALOG_COMPILER_APPICON_NAME = AppIcon;
				ASSETCATALOG_COMPILER_GLOBAL_ACCENT_COLOR_NAME = AccentColor;
				CODE_SIGN_STYLE = Automatic;
				CURRENT_PROJECT_VERSION = 1;
				GENERATE_INFOPLIST_FILE = YES;
				INFOPLIST_FILE = Assignment4/Info.plist;
				INFOPLIST_KEY_UIApplicationSupportsIndirectInputEvents = YES;
				INFOPLIST_KEY_UILaunchStoryboardName = LaunchScreen;
				INFOPLIST_KEY_UIMainStoryboardFile = Main;
				INFOPLIST_KEY_UISupportedInterfaceOrientations_iPad = "UIInterfaceOrientationPortrait UIInterfaceOrientationPortraitUpsideDown UIInterfaceOrientationLandscapeLeft UIInterfaceOrientationLandscapeRight";
				INFOPLIST_KEY_UISupportedInterfaceOrientations_iPhone = "UIInterfaceOrientationPortrait UIInterfaceOrientationLandscapeLeft UIInterfaceOrientationLandscapeRight";
				LD_RUNPATH_SEARCH_PATHS = (
					"$(inherited)",
					"@executable_path/Frameworks",
				);
				MARKETING_VERSION = 1.0;
				PRODUCT_BUNDLE_IDENTIFIER = "com.yash-khopkar.Assignment4";
				PRODUCT_NAME = "$(TARGET_NAME)";
				SWIFT_EMIT_LOC_STRINGS = YES;
				SWIFT_VERSION = 5.0;
				TARGETED_DEVICE_FAMILY = "1,2";
			};
			name = Release;
		};
/* End XCBuildConfiguration section */

/* Begin XCConfigurationList section */
		C827B63A29EF5ACC001F310E /* Build configuration list for PBXProject "Assignment4" */ = {
			isa = XCConfigurationList;
			buildConfigurations = (
				C827B65129EF5ACE001F310E /* Debug */,
				C827B65229EF5ACE001F310E /* Release */,
			);
			defaultConfigurationIsVisible = 0;
			defaultConfigurationName = Release;
		};
		C827B65329EF5ACE001F310E /* Build configuration list for PBXNativeTarget "Assignment4" */ = {
			isa = XCConfigurationList;
			buildConfigurations = (
				C827B65429EF5ACE001F310E /* Debug */,
				C827B65529EF5ACE001F310E /* Release */,
			);
			defaultConfigurationIsVisible = 0;
			defaultConfigurationName = Release;
		};
/* End XCConfigurationList section */

/* Begin XCVersionGroup section */
		C8CD10572A87F434007D79E5 /* FavGameModel.xcdatamodeld */ = {
			isa = XCVersionGroup;
			children = (
				C8CD10582A87F434007D79E5 /* FavGameModel.xcdatamodel */,
			);
			currentVersion = C8CD10582A87F434007D79E5 /* FavGameModel.xcdatamodel */;
			path = FavGameModel.xcdatamodeld;
			sourceTree = "<group>";
			versionGroupType = wrapper.xcdatamodel;
		};
/* End XCVersionGroup section */
	};
	rootObject = C827B63729EF5ACC001F310E /* Project object */;
}
