// !$*UTF8*$!
{
	archiveVersion = 1;
	classes = {
	};
	objectVersion = 56;
	objects = {

/* Begin PBXBuildFile section */
		C8B34FF429A9D12300136ED1 /* ProductTableViewCell.swift in Sources */ = {isa = PBXBuildFile; fileRef = C8B34FF329A9D12300136ED1 /* ProductTableViewCell.swift */; };
		C8B34FF629AABD6400136ED1 /* RedButton.swift in Sources */ = {isa = PBXBuildFile; fileRef = C8B34FF529AABD6400136ED1 /* RedButton.swift */; };
		C8B34FF829AABE4C00136ED1 /* BlueButton.swift in Sources */ = {isa = PBXBuildFile; fileRef = C8B34FF729AABE4C00136ED1 /* BlueButton.swift */; };
		C8B34FFA29AAC64000136ED1 /* RoundButton.swift in Sources */ = {isa = PBXBuildFile; fileRef = C8B34FF929AAC64000136ED1 /* RoundButton.swift */; };
		C8C1CA6129A82C5000215840 /* ManagerViewController.swift in Sources */ = {isa = PBXBuildFile; fileRef = C8C1CA6029A82C5000215840 /* ManagerViewController.swift */; };
		C8C1CA6529A82E5E00215840 /* RestockViewController.swift in Sources */ = {isa = PBXBuildFile; fileRef = C8C1CA6429A82E5E00215840 /* RestockViewController.swift */; };
		C8C1CA6729A8318000215840 /* HistoryTableViewController.swift in Sources */ = {isa = PBXBuildFile; fileRef = C8C1CA6629A8318000215840 /* HistoryTableViewController.swift */; };
		C8C1CA6929A8531900215840 /* History.swift in Sources */ = {isa = PBXBuildFile; fileRef = C8C1CA6829A8531900215840 /* History.swift */; };
		C8C1CA6B29A86B4700215840 /* HistoryDetailsViewController.swift in Sources */ = {isa = PBXBuildFile; fileRef = C8C1CA6A29A86B4700215840 /* HistoryDetailsViewController.swift */; };
		C8CA47FF29A29E630039C7D7 /* AppDelegate.swift in Sources */ = {isa = PBXBuildFile; fileRef = C8CA47FE29A29E630039C7D7 /* AppDelegate.swift */; };
		C8CA480129A29E630039C7D7 /* SceneDelegate.swift in Sources */ = {isa = PBXBuildFile; fileRef = C8CA480029A29E630039C7D7 /* SceneDelegate.swift */; };
		C8CA480329A29E630039C7D7 /* ViewController.swift in Sources */ = {isa = PBXBuildFile; fileRef = C8CA480229A29E630039C7D7 /* ViewController.swift */; };
		C8CA480629A29E630039C7D7 /* Main.storyboard in Resources */ = {isa = PBXBuildFile; fileRef = C8CA480429A29E630039C7D7 /* Main.storyboard */; };
		C8CA480829A29E640039C7D7 /* Assets.xcassets in Resources */ = {isa = PBXBuildFile; fileRef = C8CA480729A29E640039C7D7 /* Assets.xcassets */; };
		C8CA480B29A29E640039C7D7 /* LaunchScreen.storyboard in Resources */ = {isa = PBXBuildFile; fileRef = C8CA480929A29E640039C7D7 /* LaunchScreen.storyboard */; };
		C8F7135229A2E5D300D84B33 /* Product.swift in Sources */ = {isa = PBXBuildFile; fileRef = C8F7135129A2E5D300D84B33 /* Product.swift */; };
/* End PBXBuildFile section */

/* Begin PBXFileReference section */
		C8B34FF329A9D12300136ED1 /* ProductTableViewCell.swift */ = {isa = PBXFileReference; lastKnownFileType = sourcecode.swift; path = ProductTableViewCell.swift; sourceTree = "<group>"; };
		C8B34FF529AABD6400136ED1 /* RedButton.swift */ = {isa = PBXFileReference; lastKnownFileType = sourcecode.swift; path = RedButton.swift; sourceTree = "<group>"; };
		C8B34FF729AABE4C00136ED1 /* BlueButton.swift */ = {isa = PBXFileReference; lastKnownFileType = sourcecode.swift; path = BlueButton.swift; sourceTree = "<group>"; };
		C8B34FF929AAC64000136ED1 /* RoundButton.swift */ = {isa = PBXFileReference; lastKnownFileType = sourcecode.swift; path = RoundButton.swift; sourceTree = "<group>"; };
		C8C1CA6029A82C5000215840 /* ManagerViewController.swift */ = {isa = PBXFileReference; lastKnownFileType = sourcecode.swift; path = ManagerViewController.swift; sourceTree = "<group>"; };
		C8C1CA6429A82E5E00215840 /* RestockViewController.swift */ = {isa = PBXFileReference; lastKnownFileType = sourcecode.swift; path = RestockViewController.swift; sourceTree = "<group>"; };
		C8C1CA6629A8318000215840 /* HistoryTableViewController.swift */ = {isa = PBXFileReference; lastKnownFileType = sourcecode.swift; path = HistoryTableViewController.swift; sourceTree = "<group>"; };
		C8C1CA6829A8531900215840 /* History.swift */ = {isa = PBXFileReference; lastKnownFileType = sourcecode.swift; path = History.swift; sourceTree = "<group>"; };
		C8C1CA6A29A86B4700215840 /* HistoryDetailsViewController.swift */ = {isa = PBXFileReference; lastKnownFileType = sourcecode.swift; path = HistoryDetailsViewController.swift; sourceTree = "<group>"; };
		C8CA47FB29A29E630039C7D7 /* Assignment2.app */ = {isa = PBXFileReference; explicitFileType = wrapper.application; includeInIndex = 0; path = Assignment2.app; sourceTree = BUILT_PRODUCTS_DIR; };
		C8CA47FE29A29E630039C7D7 /* AppDelegate.swift */ = {isa = PBXFileReference; lastKnownFileType = sourcecode.swift; path = AppDelegate.swift; sourceTree = "<group>"; };
		C8CA480029A29E630039C7D7 /* SceneDelegate.swift */ = {isa = PBXFileReference; lastKnownFileType = sourcecode.swift; path = SceneDelegate.swift; sourceTree = "<group>"; };
		C8CA480229A29E630039C7D7 /* ViewController.swift */ = {isa = PBXFileReference; lastKnownFileType = sourcecode.swift; path = ViewController.swift; sourceTree = "<group>"; };
		C8CA480529A29E630039C7D7 /* Base */ = {isa = PBXFileReference; lastKnownFileType = file.storyboard; name = Base; path = Base.lproj/Main.storyboard; sourceTree = "<group>"; };
		C8CA480729A29E640039C7D7 /* Assets.xcassets */ = {isa = PBXFileReference; lastKnownFileType = folder.assetcatalog; path = Assets.xcassets; sourceTree = "<group>"; };
		C8CA480A29A29E640039C7D7 /* Base */ = {isa = PBXFileReference; lastKnownFileType = file.storyboard; name = Base; path = Base.lproj/LaunchScreen.storyboard; sourceTree = "<group>"; };
		C8CA480C29A29E640039C7D7 /* Info.plist */ = {isa = PBXFileReference; lastKnownFileType = text.plist.xml; path = Info.plist; sourceTree = "<group>"; };
		C8F7135129A2E5D300D84B33 /* Product.swift */ = {isa = PBXFileReference; lastKnownFileType = sourcecode.swift; path = Product.swift; sourceTree = "<group>"; };
/* End PBXFileReference section */

/* Begin PBXFrameworksBuildPhase section */
		C8CA47F829A29E630039C7D7 /* Frameworks */ = {
			isa = PBXFrameworksBuildPhase;
			buildActionMask = 2147483647;
			files = (
			);
			runOnlyForDeploymentPostprocessing = 0;
		};
/* End PBXFrameworksBuildPhase section */

/* Begin PBXGroup section */
		C8CA47F229A29E620039C7D7 = {
			isa = PBXGroup;
			children = (
				C8CA47FD29A29E630039C7D7 /* Assignment2 */,
				C8CA47FC29A29E630039C7D7 /* Products */,
			);
			sourceTree = "<group>";
		};
		C8CA47FC29A29E630039C7D7 /* Products */ = {
			isa = PBXGroup;
			children = (
				C8CA47FB29A29E630039C7D7 /* Assignment2.app */,
			);
			name = Products;
			sourceTree = "<group>";
		};
		C8CA47FD29A29E630039C7D7 /* Assignment2 */ = {
			isa = PBXGroup;
			children = (
				C8F7135029A2E59D00D84B33 /* Views */,
				C8F7134F29A2E58700D84B33 /* ViewControllers */,
				C8F7134E29A2E57900D84B33 /* Models */,
				C8CA47FE29A29E630039C7D7 /* AppDelegate.swift */,
				C8CA480029A29E630039C7D7 /* SceneDelegate.swift */,
				C8CA480429A29E630039C7D7 /* Main.storyboard */,
				C8CA480729A29E640039C7D7 /* Assets.xcassets */,
				C8CA480929A29E640039C7D7 /* LaunchScreen.storyboard */,
				C8CA480C29A29E640039C7D7 /* Info.plist */,
			);
			path = Assignment2;
			sourceTree = "<group>";
		};
		C8F7134E29A2E57900D84B33 /* Models */ = {
			isa = PBXGroup;
			children = (
				C8F7135129A2E5D300D84B33 /* Product.swift */,
				C8C1CA6829A8531900215840 /* History.swift */,
			);
			path = Models;
			sourceTree = "<group>";
		};
		C8F7134F29A2E58700D84B33 /* ViewControllers */ = {
			isa = PBXGroup;
			children = (
				C8CA480229A29E630039C7D7 /* ViewController.swift */,
				C8C1CA6029A82C5000215840 /* ManagerViewController.swift */,
				C8C1CA6429A82E5E00215840 /* RestockViewController.swift */,
				C8C1CA6629A8318000215840 /* HistoryTableViewController.swift */,
				C8C1CA6A29A86B4700215840 /* HistoryDetailsViewController.swift */,
			);
			path = ViewControllers;
			sourceTree = "<group>";
		};
		C8F7135029A2E59D00D84B33 /* Views */ = {
			isa = PBXGroup;
			children = (
				C8B34FF329A9D12300136ED1 /* ProductTableViewCell.swift */,
				C8B34FF529AABD6400136ED1 /* RedButton.swift */,
				C8B34FF729AABE4C00136ED1 /* BlueButton.swift */,
				C8B34FF929AAC64000136ED1 /* RoundButton.swift */,
			);
			path = Views;
			sourceTree = "<group>";
		};
/* End PBXGroup section */

/* Begin PBXNativeTarget section */
		C8CA47FA29A29E630039C7D7 /* Assignment2 */ = {
			isa = PBXNativeTarget;
			buildConfigurationList = C8CA480F29A29E640039C7D7 /* Build configuration list for PBXNativeTarget "Assignment2" */;
			buildPhases = (
				C8CA47F729A29E630039C7D7 /* Sources */,
				C8CA47F829A29E630039C7D7 /* Frameworks */,
				C8CA47F929A29E630039C7D7 /* Resources */,
			);
			buildRules = (
			);
			dependencies = (
			);
			name = Assignment2;
			productName = Assignment2;
			productReference = C8CA47FB29A29E630039C7D7 /* Assignment2.app */;
			productType = "com.apple.product-type.application";
		};
/* End PBXNativeTarget section */

/* Begin PBXProject section */
		C8CA47F329A29E620039C7D7 /* Project object */ = {
			isa = PBXProject;
			attributes = {
				BuildIndependentTargetsInParallel = 1;
				LastSwiftUpdateCheck = 1410;
				LastUpgradeCheck = 1410;
				TargetAttributes = {
					C8CA47FA29A29E630039C7D7 = {
						CreatedOnToolsVersion = 14.1;
					};
				};
			};
			buildConfigurationList = C8CA47F629A29E620039C7D7 /* Build configuration list for PBXProject "Assignment2" */;
			compatibilityVersion = "Xcode 14.0";
			developmentRegion = en;
			hasScannedForEncodings = 0;
			knownRegions = (
				en,
				Base,
			);
			mainGroup = C8CA47F229A29E620039C7D7;
			productRefGroup = C8CA47FC29A29E630039C7D7 /* Products */;
			projectDirPath = "";
			projectRoot = "";
			targets = (
				C8CA47FA29A29E630039C7D7 /* Assignment2 */,
			);
		};
/* End PBXProject section */

/* Begin PBXResourcesBuildPhase section */
		C8CA47F929A29E630039C7D7 /* Resources */ = {
			isa = PBXResourcesBuildPhase;
			buildActionMask = 2147483647;
			files = (
				C8CA480B29A29E640039C7D7 /* LaunchScreen.storyboard in Resources */,
				C8CA480829A29E640039C7D7 /* Assets.xcassets in Resources */,
				C8CA480629A29E630039C7D7 /* Main.storyboard in Resources */,
			);
			runOnlyForDeploymentPostprocessing = 0;
		};
/* End PBXResourcesBuildPhase section */

/* Begin PBXSourcesBuildPhase section */
		C8CA47F729A29E630039C7D7 /* Sources */ = {
			isa = PBXSourcesBuildPhase;
			buildActionMask = 2147483647;
			files = (
				C8C1CA6129A82C5000215840 /* ManagerViewController.swift in Sources */,
				C8CA480329A29E630039C7D7 /* ViewController.swift in Sources */,
				C8C1CA6929A8531900215840 /* History.swift in Sources */,
				C8F7135229A2E5D300D84B33 /* Product.swift in Sources */,
				C8CA47FF29A29E630039C7D7 /* AppDelegate.swift in Sources */,
				C8C1CA6B29A86B4700215840 /* HistoryDetailsViewController.swift in Sources */,
				C8B34FFA29AAC64000136ED1 /* RoundButton.swift in Sources */,
				C8C1CA6729A8318000215840 /* HistoryTableViewController.swift in Sources */,
				C8B34FF429A9D12300136ED1 /* ProductTableViewCell.swift in Sources */,
				C8C1CA6529A82E5E00215840 /* RestockViewController.swift in Sources */,
				C8B34FF629AABD6400136ED1 /* RedButton.swift in Sources */,
				C8CA480129A29E630039C7D7 /* SceneDelegate.swift in Sources */,
				C8B34FF829AABE4C00136ED1 /* BlueButton.swift in Sources */,
			);
			runOnlyForDeploymentPostprocessing = 0;
		};
/* End PBXSourcesBuildPhase section */

/* Begin PBXVariantGroup section */
		C8CA480429A29E630039C7D7 /* Main.storyboard */ = {
			isa = PBXVariantGroup;
			children = (
				C8CA480529A29E630039C7D7 /* Base */,
			);
			name = Main.storyboard;
			sourceTree = "<group>";
		};
		C8CA480929A29E640039C7D7 /* LaunchScreen.storyboard */ = {
			isa = PBXVariantGroup;
			children = (
				C8CA480A29A29E640039C7D7 /* Base */,
			);
			name = LaunchScreen.storyboard;
			sourceTree = "<group>";
		};
/* End PBXVariantGroup section */

/* Begin XCBuildConfiguration section */
		C8CA480D29A29E640039C7D7 /* Debug */ = {
			isa = XCBuildConfiguration;
			buildSettings = {
				ALWAYS_SEARCH_USER_PATHS = NO;
				CLANG_ANALYZER_NONNULL = YES;
				CLANG_ANALYZER_NUMBER_OBJECT_CONVERSION = YES_AGGRESSIVE;
				CLANG_CXX_LANGUAGE_STANDARD = "gnu++20";
				CLANG_ENABLE_MODULES = YES;
				CLANG_ENABLE_OBJC_ARC = YES;
				CLANG_ENABLE_OBJC_WEAK = YES;
				CLANG_WARN_BLOCK_CAPTURE_AUTORELEASING = YES;
				CLANG_WARN_BOOL_CONVERSION = YES;
				CLANG_WARN_COMMA = YES;
				CLANG_WARN_CONSTANT_CONVERSION = YES;
				CLANG_WARN_DEPRECATED_OBJC_IMPLEMENTATIONS = YES;
				CLANG_WARN_DIRECT_OBJC_ISA_USAGE = YES_ERROR;
				CLANG_WARN_DOCUMENTATION_COMMENTS = YES;
				CLANG_WARN_EMPTY_BODY = YES;
				CLANG_WARN_ENUM_CONVERSION = YES;
				CLANG_WARN_INFINITE_RECURSION = YES;
				CLANG_WARN_INT_CONVERSION = YES;
				CLANG_WARN_NON_LITERAL_NULL_CONVERSION = YES;
				CLANG_WARN_OBJC_IMPLICIT_RETAIN_SELF = YES;
				CLANG_WARN_OBJC_LITERAL_CONVERSION = YES;
				CLANG_WARN_OBJC_ROOT_CLASS = YES_ERROR;
				CLANG_WARN_QUOTED_INCLUDE_IN_FRAMEWORK_HEADER = YES;
				CLANG_WARN_RANGE_LOOP_ANALYSIS = YES;
				CLANG_WARN_STRICT_PROTOTYPES = YES;
				CLANG_WARN_SUSPICIOUS_MOVE = YES;
				CLANG_WARN_UNGUARDED_AVAILABILITY = YES_AGGRESSIVE;
				CLANG_WARN_UNREACHABLE_CODE = YES;
				CLANG_WARN__DUPLICATE_METHOD_MATCH = YES;
				COPY_PHASE_STRIP = NO;
				DEBUG_INFORMATION_FORMAT = dwarf;
				ENABLE_STRICT_OBJC_MSGSEND = YES;
				ENABLE_TESTABILITY = YES;
				GCC_C_LANGUAGE_STANDARD = gnu11;
				GCC_DYNAMIC_NO_PIC = NO;
				GCC_NO_COMMON_BLOCKS = YES;
				GCC_OPTIMIZATION_LEVEL = 0;
				GCC_PREPROCESSOR_DEFINITIONS = (
					"DEBUG=1",
					"$(inherited)",
				);
				GCC_WARN_64_TO_32_BIT_CONVERSION = YES;
				GCC_WARN_ABOUT_RETURN_TYPE = YES_ERROR;
				GCC_WARN_UNDECLARED_SELECTOR = YES;
				GCC_WARN_UNINITIALIZED_AUTOS = YES_AGGRESSIVE;
				GCC_WARN_UNUSED_FUNCTION = YES;
				GCC_WARN_UNUSED_VARIABLE = YES;
				IPHONEOS_DEPLOYMENT_TARGET = 16.1;
				MTL_ENABLE_DEBUG_INFO = INCLUDE_SOURCE;
				MTL_FAST_MATH = YES;
				ONLY_ACTIVE_ARCH = YES;
				SDKROOT = iphoneos;
				SWIFT_ACTIVE_COMPILATION_CONDITIONS = DEBUG;
				SWIFT_OPTIMIZATION_LEVEL = "-Onone";
			};
			name = Debug;
		};
		C8CA480E29A29E640039C7D7 /* Release */ = {
			isa = XCBuildConfiguration;
			buildSettings = {
				ALWAYS_SEARCH_USER_PATHS = NO;
				CLANG_ANALYZER_NONNULL = YES;
				CLANG_ANALYZER_NUMBER_OBJECT_CONVERSION = YES_AGGRESSIVE;
				CLANG_CXX_LANGUAGE_STANDARD = "gnu++20";
				CLANG_ENABLE_MODULES = YES;
				CLANG_ENABLE_OBJC_ARC = YES;
				CLANG_ENABLE_OBJC_WEAK = YES;
				CLANG_WARN_BLOCK_CAPTURE_AUTORELEASING = YES;
				CLANG_WARN_BOOL_CONVERSION = YES;
				CLANG_WARN_COMMA = YES;
				CLANG_WARN_CONSTANT_CONVERSION = YES;
				CLANG_WARN_DEPRECATED_OBJC_IMPLEMENTATIONS = YES;
				CLANG_WARN_DIRECT_OBJC_ISA_USAGE = YES_ERROR;
				CLANG_WARN_DOCUMENTATION_COMMENTS = YES;
				CLANG_WARN_EMPTY_BODY = YES;
				CLANG_WARN_ENUM_CONVERSION = YES;
				CLANG_WARN_INFINITE_RECURSION = YES;
				CLANG_WARN_INT_CONVERSION = YES;
				CLANG_WARN_NON_LITERAL_NULL_CONVERSION = YES;
				CLANG_WARN_OBJC_IMPLICIT_RETAIN_SELF = YES;
				CLANG_WARN_OBJC_LITERAL_CONVERSION = YES;
				CLANG_WARN_OBJC_ROOT_CLASS = YES_ERROR;
				CLANG_WARN_QUOTED_INCLUDE_IN_FRAMEWORK_HEADER = YES;
				CLANG_WARN_RANGE_LOOP_ANALYSIS = YES;
				CLANG_WARN_STRICT_PROTOTYPES = YES;
				CLANG_WARN_SUSPICIOUS_MOVE = YES;
				CLANG_WARN_UNGUARDED_AVAILABILITY = YES_AGGRESSIVE;
				CLANG_WARN_UNREACHABLE_CODE = YES;
				CLANG_WARN__DUPLICATE_METHOD_MATCH = YES;
				COPY_PHASE_STRIP = NO;
				DEBUG_INFORMATION_FORMAT = "dwarf-with-dsym";
				ENABLE_NS_ASSERTIONS = NO;
				ENABLE_STRICT_OBJC_MSGSEND = YES;
				GCC_C_LANGUAGE_STANDARD = gnu11;
				GCC_NO_COMMON_BLOCKS = YES;
				GCC_WARN_64_TO_32_BIT_CONVERSION = YES;
				GCC_WARN_ABOUT_RETURN_TYPE = YES_ERROR;
				GCC_WARN_UNDECLARED_SELECTOR = YES;
				GCC_WARN_UNINITIALIZED_AUTOS = YES_AGGRESSIVE;
				GCC_WARN_UNUSED_FUNCTION = YES;
				GCC_WARN_UNUSED_VARIABLE = YES;
				IPHONEOS_DEPLOYMENT_TARGET = 16.1;
				MTL_ENABLE_DEBUG_INFO = NO;
				MTL_FAST_MATH = YES;
				SDKROOT = iphoneos;
				SWIFT_COMPILATION_MODE = wholemodule;
				SWIFT_OPTIMIZATION_LEVEL = "-O";
				VALIDATE_PRODUCT = YES;
			};
			name = Release;
		};
		C8CA481029A29E640039C7D7 /* Debug */ = {
			isa = XCBuildConfiguration;
			buildSettings = {
				ASSETCATALOG_COMPILER_APPICON_NAME = AppIcon;
				ASSETCATALOG_COMPILER_GLOBAL_ACCENT_COLOR_NAME = AccentColor;
				CODE_SIGN_STYLE = Automatic;
				CURRENT_PROJECT_VERSION = 1;
				GENERATE_INFOPLIST_FILE = YES;
				INFOPLIST_FILE = Assignment2/Info.plist;
				INFOPLIST_KEY_UIApplicationSupportsIndirectInputEvents = YES;
				INFOPLIST_KEY_UILaunchStoryboardName = LaunchScreen;
				INFOPLIST_KEY_UIMainStoryboardFile = Main;
				INFOPLIST_KEY_UISupportedInterfaceOrientations_iPad = "UIInterfaceOrientationPortrait UIInterfaceOrientationPortraitUpsideDown UIInterfaceOrientationLandscapeLeft UIInterfaceOrientationLandscapeRight";
				INFOPLIST_KEY_UISupportedInterfaceOrientations_iPhone = "UIInterfaceOrientationPortrait UIInterfaceOrientationLandscapeLeft UIInterfaceOrientationLandscapeRight";
				LD_RUNPATH_SEARCH_PATHS = (
					"$(inherited)",
					"@executable_path/Frameworks",
				);
				MARKETING_VERSION = 1.0;
				PRODUCT_BUNDLE_IDENTIFIER = "com.yash-khopkar.Assignment2";
				PRODUCT_NAME = "$(TARGET_NAME)";
				SWIFT_EMIT_LOC_STRINGS = YES;
				SWIFT_VERSION = 5.0;
				TARGETED_DEVICE_FAMILY = "1,2";
			};
			name = Debug;
		};
		C8CA481129A29E640039C7D7 /* Release */ = {
			isa = XCBuildConfiguration;
			buildSettings = {
				ASSETCATALOG_COMPILER_APPICON_NAME = AppIcon;
				ASSETCATALOG_COMPILER_GLOBAL_ACCENT_COLOR_NAME = AccentColor;
				CODE_SIGN_STYLE = Automatic;
				CURRENT_PROJECT_VERSION = 1;
				GENERATE_INFOPLIST_FILE = YES;
				INFOPLIST_FILE = Assignment2/Info.plist;
				INFOPLIST_KEY_UIApplicationSupportsIndirectInputEvents = YES;
				INFOPLIST_KEY_UILaunchStoryboardName = LaunchScreen;
				INFOPLIST_KEY_UIMainStoryboardFile = Main;
				INFOPLIST_KEY_UISupportedInterfaceOrientations_iPad = "UIInterfaceOrientationPortrait UIInterfaceOrientationPortraitUpsideDown UIInterfaceOrientationLandscapeLeft UIInterfaceOrientationLandscapeRight";
				INFOPLIST_KEY_UISupportedInterfaceOrientations_iPhone = "UIInterfaceOrientationPortrait UIInterfaceOrientationLandscapeLeft UIInterfaceOrientationLandscapeRight";
				LD_RUNPATH_SEARCH_PATHS = (
					"$(inherited)",
					"@executable_path/Frameworks",
				);
				MARKETING_VERSION = 1.0;
				PRODUCT_BUNDLE_IDENTIFIER = "com.yash-khopkar.Assignment2";
				PRODUCT_NAME = "$(TARGET_NAME)";
				SWIFT_EMIT_LOC_STRINGS = YES;
				SWIFT_VERSION = 5.0;
				TARGETED_DEVICE_FAMILY = "1,2";
			};
			name = Release;
		};
/* End XCBuildConfiguration section */

/* Begin XCConfigurationList section */
		C8CA47F629A29E620039C7D7 /* Build configuration list for PBXProject "Assignment2" */ = {
			isa = XCConfigurationList;
			buildConfigurations = (
				C8CA480D29A29E640039C7D7 /* Debug */,
				C8CA480E29A29E640039C7D7 /* Release */,
			);
			defaultConfigurationIsVisible = 0;
			defaultConfigurationName = Release;
		};
		C8CA480F29A29E640039C7D7 /* Build configuration list for PBXNativeTarget "Assignment2" */ = {
			isa = XCConfigurationList;
			buildConfigurations = (
				C8CA481029A29E640039C7D7 /* Debug */,
				C8CA481129A29E640039C7D7 /* Release */,
			);
			defaultConfigurationIsVisible = 0;
			defaultConfigurationName = Release;
		};
/* End XCConfigurationList section */
	};
	rootObject = C8CA47F329A29E620039C7D7 /* Project object */;
}
